PODS:
  - HorizonClient (3.3.1)

DEPENDENCIES:
  - HorizonClient (~> 3.3.1)

SPEC REPOS:
  https://github.com/globoi/pods-repository:
    - HorizonClient

SPEC CHECKSUMS:
  HorizonClient: 7c694d0c5c56cb79a129dbb33aad162ff92a12da

PODFILE CHECKSUM: a5b8a564b37128d901ba00a7c4a21d039b8b1a22

COCOAPODS: 1.11.3
